
Microsoft Visual Studio Solution File, Format Version 12.00
# Visual Studio 14
VisualStudioVersion = 14.0.25420.1
MinimumVisualStudioVersion = 10.0.40219.1
Project("{2150E333-8FDC-42A3-9474-1A3956D46DE8}") = "Domain", "Domain", "{219DDE57-4ED0-4A02-8931-E459B8F3790C}"
EndProject
Project("{2150E333-8FDC-42A3-9474-1A3956D46DE8}") = "Service interfaces", "Service interfaces", "{2DB4BF4A-A9AB-4451-9BC1-968994DF14D8}"
EndProject
Project("{2150E333-8FDC-42A3-9474-1A3956D46DE8}") = "Services", "Services", "{F7E465FB-B5D9-4748-A798-721C2B6BF252}"
EndProject
Project("{2150E333-8FDC-42A3-9474-1A3956D46DE8}") = "Core", "Core", "{C9024A10-C53E-47F2-9AF3-A58E4F8EE0C2}"
EndProject
Project("{2150E333-8FDC-42A3-9474-1A3956D46DE8}") = "Infrastructure", "Infrastructure", "{46BA311B-5CAB-432A-8F51-14122CC9C123}"
EndProject
Project("{2150E333-8FDC-42A3-9474-1A3956D46DE8}") = "UI", "UI", "{A0B2EA31-C433-4F98-ABF8-97277B2E7021}"
EndProject
Project("{FAE04EC0-301F-11D3-BF4B-00C04F79EFBC}") = "Cfw.Domain", "Cfw.Domain\Cfw.Domain.csproj", "{EE344F85-1FDC-4012-B233-0E4A25BAC88A}"
EndProject
Project("{FAE04EC0-301F-11D3-BF4B-00C04F79EFBC}") = "Cfw.ServiceInterfaces", "Cfw.ServiceInterfaces\Cfw.ServiceInterfaces.csproj", "{F9522C92-9690-47A0-BB81-9A07068B0D01}"
EndProject
Project("{FAE04EC0-301F-11D3-BF4B-00C04F79EFBC}") = "Cfw.Services", "Cfw.Services\Cfw.Services.csproj", "{9B437727-D665-4FB8-AE80-5AEA41195F37}"
EndProject
Project("{FAE04EC0-301F-11D3-BF4B-00C04F79EFBC}") = "Cfw.Infrastructure", "Cfw.Infrastructure\Cfw.Infrastructure.csproj", "{89CC0630-820E-442A-9D11-1F928ABFE3C1}"
EndProject
Project("{2150E333-8FDC-42A3-9474-1A3956D46DE8}") = "Tests", "Tests", "{A4A947AB-A0A9-4FF3-BE89-BE884BA24848}"
EndProject
Project("{FAE04EC0-301F-11D3-BF4B-00C04F79EFBC}") = "Cfw.Tests", "Cfw.Tests\Cfw.Tests.csproj", "{F47C6E68-1DAB-4B69-B99C-6BDCB22DA0D9}"
EndProject
Project("{FAE04EC0-301F-11D3-BF4B-00C04F79EFBC}") = "Cfw.UI", "Cfw.UI\Cfw.UI.csproj", "{E1510FD9-10D1-4B57-96C8-0BBF80E84B34}"
EndProject
Project("{FAE04EC0-301F-11D3-BF4B-00C04F79EFBC}") = "Cfw.Bootstrapper", "Cfw.Bootstrapper\Cfw.Bootstrapper.csproj", "{ABD20447-2996-414F-A60E-95E17FB39680}"
EndProject
Global
	GlobalSection(SolutionConfigurationPlatforms) = preSolution
		Debug|Any CPU = Debug|Any CPU
		Release|Any CPU = Release|Any CPU
	EndGlobalSection
	GlobalSection(ProjectConfigurationPlatforms) = postSolution
		{EE344F85-1FDC-4012-B233-0E4A25BAC88A}.Debug|Any CPU.ActiveCfg = Debug|Any CPU
		{EE344F85-1FDC-4012-B233-0E4A25BAC88A}.Debug|Any CPU.Build.0 = Debug|Any CPU
		{EE344F85-1FDC-4012-B233-0E4A25BAC88A}.Release|Any CPU.ActiveCfg = Release|Any CPU
		{EE344F85-1FDC-4012-B233-0E4A25BAC88A}.Release|Any CPU.Build.0 = Release|Any CPU
		{F9522C92-9690-47A0-BB81-9A07068B0D01}.Debug|Any CPU.ActiveCfg = Debug|Any CPU
		{F9522C92-9690-47A0-BB81-9A07068B0D01}.Debug|Any CPU.Build.0 = Debug|Any CPU
		{F9522C92-9690-47A0-BB81-9A07068B0D01}.Release|Any CPU.ActiveCfg = Release|Any CPU
		{F9522C92-9690-47A0-BB81-9A07068B0D01}.Release|Any CPU.Build.0 = Release|Any CPU
		{9B437727-D665-4FB8-AE80-5AEA41195F37}.Debug|Any CPU.ActiveCfg = Debug|Any CPU
		{9B437727-D665-4FB8-AE80-5AEA41195F37}.Debug|Any CPU.Build.0 = Debug|Any CPU
		{9B437727-D665-4FB8-AE80-5AEA41195F37}.Release|Any CPU.ActiveCfg = Release|Any CPU
		{9B437727-D665-4FB8-AE80-5AEA41195F37}.Release|Any CPU.Build.0 = Release|Any CPU
		{89CC0630-820E-442A-9D11-1F928ABFE3C1}.Debug|Any CPU.ActiveCfg = Debug|Any CPU
		{89CC0630-820E-442A-9D11-1F928ABFE3C1}.Debug|Any CPU.Build.0 = Debug|Any CPU
		{89CC0630-820E-442A-9D11-1F928ABFE3C1}.Release|Any CPU.ActiveCfg = Release|Any CPU
		{89CC0630-820E-442A-9D11-1F928ABFE3C1}.Release|Any CPU.Build.0 = Release|Any CPU
		{F47C6E68-1DAB-4B69-B99C-6BDCB22DA0D9}.Debug|Any CPU.ActiveCfg = Debug|Any CPU
		{F47C6E68-1DAB-4B69-B99C-6BDCB22DA0D9}.Debug|Any CPU.Build.0 = Debug|Any CPU
		{F47C6E68-1DAB-4B69-B99C-6BDCB22DA0D9}.Release|Any CPU.ActiveCfg = Release|Any CPU
		{F47C6E68-1DAB-4B69-B99C-6BDCB22DA0D9}.Release|Any CPU.Build.0 = Release|Any CPU
		{E1510FD9-10D1-4B57-96C8-0BBF80E84B34}.Debug|Any CPU.ActiveCfg = Debug|Any CPU
		{E1510FD9-10D1-4B57-96C8-0BBF80E84B34}.Debug|Any CPU.Build.0 = Debug|Any CPU
		{E1510FD9-10D1-4B57-96C8-0BBF80E84B34}.Release|Any CPU.ActiveCfg = Release|Any CPU
		{E1510FD9-10D1-4B57-96C8-0BBF80E84B34}.Release|Any CPU.Build.0 = Release|Any CPU
		{ABD20447-2996-414F-A60E-95E17FB39680}.Debug|Any CPU.ActiveCfg = Debug|Any CPU
		{ABD20447-2996-414F-A60E-95E17FB39680}.Debug|Any CPU.Build.0 = Debug|Any CPU
		{ABD20447-2996-414F-A60E-95E17FB39680}.Release|Any CPU.ActiveCfg = Release|Any CPU
		{ABD20447-2996-414F-A60E-95E17FB39680}.Release|Any CPU.Build.0 = Release|Any CPU
	EndGlobalSection
	GlobalSection(SolutionProperties) = preSolution
		HideSolutionNode = FALSE
	EndGlobalSection
	GlobalSection(NestedProjects) = preSolution
		{219DDE57-4ED0-4A02-8931-E459B8F3790C} = {C9024A10-C53E-47F2-9AF3-A58E4F8EE0C2}
		{2DB4BF4A-A9AB-4451-9BC1-968994DF14D8} = {C9024A10-C53E-47F2-9AF3-A58E4F8EE0C2}
		{F7E465FB-B5D9-4748-A798-721C2B6BF252} = {C9024A10-C53E-47F2-9AF3-A58E4F8EE0C2}
		{EE344F85-1FDC-4012-B233-0E4A25BAC88A} = {219DDE57-4ED0-4A02-8931-E459B8F3790C}
		{F9522C92-9690-47A0-BB81-9A07068B0D01} = {2DB4BF4A-A9AB-4451-9BC1-968994DF14D8}
		{9B437727-D665-4FB8-AE80-5AEA41195F37} = {F7E465FB-B5D9-4748-A798-721C2B6BF252}
		{89CC0630-820E-442A-9D11-1F928ABFE3C1} = {46BA311B-5CAB-432A-8F51-14122CC9C123}
		{F47C6E68-1DAB-4B69-B99C-6BDCB22DA0D9} = {A4A947AB-A0A9-4FF3-BE89-BE884BA24848}
		{E1510FD9-10D1-4B57-96C8-0BBF80E84B34} = {A0B2EA31-C433-4F98-ABF8-97277B2E7021}
		{ABD20447-2996-414F-A60E-95E17FB39680} = {46BA311B-5CAB-432A-8F51-14122CC9C123}
	EndGlobalSection
EndGlobal
