
Microsoft Visual Studio Solution File, Format Version 12.00
# Visual Studio 14
VisualStudioVersion = 14.0.25420.1
MinimumVisualStudioVersion = 10.0.40219.1
Project("{FAE04EC0-301F-11D3-BF4B-00C04F79EFBC}") = "Domain", "Domain\Domain.csproj", "{3D876E52-250B-4226-B6E2-972E91BCD770}"
EndProject
Project("{2150E333-8FDC-42A3-9474-1A3956D46DE8}") = "Core", "Core", "{9DB91B49-B9E6-44AB-959E-18EDC5A3090E}"
EndProject
Project("{2150E333-8FDC-42A3-9474-1A3956D46DE8}") = "Infrastructure", "Infrastructure", "{8E11888F-979D-4E62-AFF5-ED6D92C6DF3D}"
EndProject
Project("{2150E333-8FDC-42A3-9474-1A3956D46DE8}") = "UI", "UI", "{BF3AC972-FBA3-4C34-93B2-54D8874B3947}"
EndProject
Project("{2150E333-8FDC-42A3-9474-1A3956D46DE8}") = "Tests", "Tests", "{B02CFFE4-6EE7-4CCA-90E9-F35D5B638F58}"
EndProject
Project("{2150E333-8FDC-42A3-9474-1A3956D46DE8}") = "Domain", "Domain", "{CDDAD6F5-0A88-47C7-ABFB-851914D1F061}"
EndProject
Project("{2150E333-8FDC-42A3-9474-1A3956D46DE8}") = "Service interfaces", "Service interfaces", "{9750D0C8-2F1C-4D7E-A014-3BA39EFC3A27}"
EndProject
Project("{2150E333-8FDC-42A3-9474-1A3956D46DE8}") = "Services", "Services", "{DF899B3F-9860-433B-9B0E-A290FB4C5BBE}"
EndProject
Project("{FAE04EC0-301F-11D3-BF4B-00C04F79EFBC}") = "ServiceInterfaces", "ServiceInterfaces\ServiceInterfaces.csproj", "{BBF68B71-D839-4130-B6E8-37C847E68198}"
EndProject
Project("{FAE04EC0-301F-11D3-BF4B-00C04F79EFBC}") = "Service", "Service\Service.csproj", "{A41E2EBE-4E2D-475D-BDA0-71B8C84EED48}"
EndProject
Project("{FAE04EC0-301F-11D3-BF4B-00C04F79EFBC}") = "Infrastructure", "Infrastructure\Infrastructure.csproj", "{742B4D26-BFEC-4D7C-9460-9B7AEEFA6FC0}"
EndProject
Project("{FAE04EC0-301F-11D3-BF4B-00C04F79EFBC}") = "Tests", "Tests\Tests.csproj", "{CB2E0BF1-B7D3-4C80-B84C-80994592DADF}"
EndProject
Project("{FAE04EC0-301F-11D3-BF4B-00C04F79EFBC}") = "UI", "UI\UI.csproj", "{8DF86BFA-1A9C-4B73-8BB3-41FBF31D48BA}"
EndProject
Project("{2150E333-8FDC-42A3-9474-1A3956D46DE8}") = "Domain interfaces", "Domain interfaces", "{B62DA74D-18AF-472E-9D47-ACAD45E72AD1}"
EndProject
Project("{FAE04EC0-301F-11D3-BF4B-00C04F79EFBC}") = "DomainInterfaces", "DomainInterfaces\DomainInterfaces.csproj", "{45D3E362-1CEC-4EBE-9F77-76AFAF494EA0}"
EndProject
Global
	GlobalSection(SolutionConfigurationPlatforms) = preSolution
		Debug|Any CPU = Debug|Any CPU
		Release|Any CPU = Release|Any CPU
	EndGlobalSection
	GlobalSection(ProjectConfigurationPlatforms) = postSolution
		{3D876E52-250B-4226-B6E2-972E91BCD770}.Debug|Any CPU.ActiveCfg = Debug|Any CPU
		{3D876E52-250B-4226-B6E2-972E91BCD770}.Debug|Any CPU.Build.0 = Debug|Any CPU
		{3D876E52-250B-4226-B6E2-972E91BCD770}.Release|Any CPU.ActiveCfg = Release|Any CPU
		{3D876E52-250B-4226-B6E2-972E91BCD770}.Release|Any CPU.Build.0 = Release|Any CPU
		{BBF68B71-D839-4130-B6E8-37C847E68198}.Debug|Any CPU.ActiveCfg = Debug|Any CPU
		{BBF68B71-D839-4130-B6E8-37C847E68198}.Debug|Any CPU.Build.0 = Debug|Any CPU
		{BBF68B71-D839-4130-B6E8-37C847E68198}.Release|Any CPU.ActiveCfg = Release|Any CPU
		{BBF68B71-D839-4130-B6E8-37C847E68198}.Release|Any CPU.Build.0 = Release|Any CPU
		{A41E2EBE-4E2D-475D-BDA0-71B8C84EED48}.Debug|Any CPU.ActiveCfg = Debug|Any CPU
		{A41E2EBE-4E2D-475D-BDA0-71B8C84EED48}.Debug|Any CPU.Build.0 = Debug|Any CPU
		{A41E2EBE-4E2D-475D-BDA0-71B8C84EED48}.Release|Any CPU.ActiveCfg = Release|Any CPU
		{A41E2EBE-4E2D-475D-BDA0-71B8C84EED48}.Release|Any CPU.Build.0 = Release|Any CPU
		{742B4D26-BFEC-4D7C-9460-9B7AEEFA6FC0}.Debug|Any CPU.ActiveCfg = Debug|Any CPU
		{742B4D26-BFEC-4D7C-9460-9B7AEEFA6FC0}.Debug|Any CPU.Build.0 = Debug|Any CPU
		{742B4D26-BFEC-4D7C-9460-9B7AEEFA6FC0}.Release|Any CPU.ActiveCfg = Release|Any CPU
		{742B4D26-BFEC-4D7C-9460-9B7AEEFA6FC0}.Release|Any CPU.Build.0 = Release|Any CPU
		{CB2E0BF1-B7D3-4C80-B84C-80994592DADF}.Debug|Any CPU.ActiveCfg = Debug|Any CPU
		{CB2E0BF1-B7D3-4C80-B84C-80994592DADF}.Debug|Any CPU.Build.0 = Debug|Any CPU
		{CB2E0BF1-B7D3-4C80-B84C-80994592DADF}.Release|Any CPU.ActiveCfg = Release|Any CPU
		{CB2E0BF1-B7D3-4C80-B84C-80994592DADF}.Release|Any CPU.Build.0 = Release|Any CPU
		{8DF86BFA-1A9C-4B73-8BB3-41FBF31D48BA}.Debug|Any CPU.ActiveCfg = Debug|Any CPU
		{8DF86BFA-1A9C-4B73-8BB3-41FBF31D48BA}.Debug|Any CPU.Build.0 = Debug|Any CPU
		{8DF86BFA-1A9C-4B73-8BB3-41FBF31D48BA}.Release|Any CPU.ActiveCfg = Release|Any CPU
		{8DF86BFA-1A9C-4B73-8BB3-41FBF31D48BA}.Release|Any CPU.Build.0 = Release|Any CPU
		{45D3E362-1CEC-4EBE-9F77-76AFAF494EA0}.Debug|Any CPU.ActiveCfg = Debug|Any CPU
		{45D3E362-1CEC-4EBE-9F77-76AFAF494EA0}.Debug|Any CPU.Build.0 = Debug|Any CPU
		{45D3E362-1CEC-4EBE-9F77-76AFAF494EA0}.Release|Any CPU.ActiveCfg = Release|Any CPU
		{45D3E362-1CEC-4EBE-9F77-76AFAF494EA0}.Release|Any CPU.Build.0 = Release|Any CPU
	EndGlobalSection
	GlobalSection(SolutionProperties) = preSolution
		HideSolutionNode = FALSE
	EndGlobalSection
	GlobalSection(NestedProjects) = preSolution
		{3D876E52-250B-4226-B6E2-972E91BCD770} = {CDDAD6F5-0A88-47C7-ABFB-851914D1F061}
		{CDDAD6F5-0A88-47C7-ABFB-851914D1F061} = {9DB91B49-B9E6-44AB-959E-18EDC5A3090E}
		{9750D0C8-2F1C-4D7E-A014-3BA39EFC3A27} = {9DB91B49-B9E6-44AB-959E-18EDC5A3090E}
		{DF899B3F-9860-433B-9B0E-A290FB4C5BBE} = {9DB91B49-B9E6-44AB-959E-18EDC5A3090E}
		{BBF68B71-D839-4130-B6E8-37C847E68198} = {9750D0C8-2F1C-4D7E-A014-3BA39EFC3A27}
		{A41E2EBE-4E2D-475D-BDA0-71B8C84EED48} = {DF899B3F-9860-433B-9B0E-A290FB4C5BBE}
		{742B4D26-BFEC-4D7C-9460-9B7AEEFA6FC0} = {8E11888F-979D-4E62-AFF5-ED6D92C6DF3D}
		{CB2E0BF1-B7D3-4C80-B84C-80994592DADF} = {B02CFFE4-6EE7-4CCA-90E9-F35D5B638F58}
		{8DF86BFA-1A9C-4B73-8BB3-41FBF31D48BA} = {BF3AC972-FBA3-4C34-93B2-54D8874B3947}
		{B62DA74D-18AF-472E-9D47-ACAD45E72AD1} = {9DB91B49-B9E6-44AB-959E-18EDC5A3090E}
		{45D3E362-1CEC-4EBE-9F77-76AFAF494EA0} = {B62DA74D-18AF-472E-9D47-ACAD45E72AD1}
	EndGlobalSection
EndGlobal
